
Microsoft Visual Studio Solution File, Format Version 12.00
# Visual Studio Version 17
VisualStudioVersion = 17.4.33020.496
MinimumVisualStudioVersion = 10.0.40219.1
Project("{2150E333-8FDC-42A3-9474-1A3956D46DE8}") = "Solution Items", "Solution Items", "{16535185-1EA8-49CC-9712-96F9616D835B}"
	ProjectSection(SolutionItems) = preProject
		..\LICENSE = ..\LICENSE
		..\.github\README.md = ..\.github\README.md
		..\umbraco-marketplace.json = ..\umbraco-marketplace.json
		..\.editorconfig = ..\.editorconfig
		..\.gitignore = ..\.gitignore
	EndProjectSection
EndProject
Project("{9A19103F-16F7-4668-BE54-9A1E7A4F7556}") = "Sanitiser.Forms", "Sanitiser.Forms\Sanitiser.Forms.csproj", "{3CD27C78-2EAB-4B77-8AE5-F3F627302F64}"
EndProject
Project("{FAE04EC0-301F-11D3-BF4B-00C04F79EFBC}") = "Sanitiser.Forms.TestSite.v10", "Sanitiser.TestSite.V10\Sanitiser.Forms.TestSite.v10.csproj", "{5A05CA75-05B9-4570-A1A9-6DDE3D03260D}"
EndProject
Global
	GlobalSection(SolutionConfigurationPlatforms) = preSolution
		Debug|Any CPU = Debug|Any CPU
		Release|Any CPU = Release|Any CPU
	EndGlobalSection
	GlobalSection(ProjectConfigurationPlatforms) = postSolution
		{3CD27C78-2EAB-4B77-8AE5-F3F627302F64}.Debug|Any CPU.ActiveCfg = Debug|Any CPU
		{3CD27C78-2EAB-4B77-8AE5-F3F627302F64}.Debug|Any CPU.Build.0 = Debug|Any CPU
		{3CD27C78-2EAB-4B77-8AE5-F3F627302F64}.Release|Any CPU.ActiveCfg = Release|Any CPU
		{3CD27C78-2EAB-4B77-8AE5-F3F627302F64}.Release|Any CPU.Build.0 = Release|Any CPU
		{829FEBD4-634E-4A66-95DE-ED4DC15A4AAC}.Debug|Any CPU.ActiveCfg = Debug|Any CPU
		{829FEBD4-634E-4A66-95DE-ED4DC15A4AAC}.Debug|Any CPU.Build.0 = Debug|Any CPU
		{829FEBD4-634E-4A66-95DE-ED4DC15A4AAC}.Release|Any CPU.ActiveCfg = Release|Any CPU
		{829FEBD4-634E-4A66-95DE-ED4DC15A4AAC}.Release|Any CPU.Build.0 = Release|Any CPU
		{5A05CA75-05B9-4570-A1A9-6DDE3D03260D}.Debug|Any CPU.ActiveCfg = Debug|Any CPU
		{5A05CA75-05B9-4570-A1A9-6DDE3D03260D}.Debug|Any CPU.Build.0 = Debug|Any CPU
		{5A05CA75-05B9-4570-A1A9-6DDE3D03260D}.Release|Any CPU.ActiveCfg = Release|Any CPU
		{5A05CA75-05B9-4570-A1A9-6DDE3D03260D}.Release|Any CPU.Build.0 = Release|Any CPU
	EndGlobalSection
	GlobalSection(SolutionProperties) = preSolution
		HideSolutionNode = FALSE
	EndGlobalSection
	GlobalSection(ExtensibilityGlobals) = postSolution
		SolutionGuid = {6F07004F-9903-4AEB-9ED0-BE57A0326D20}
	EndGlobalSection
EndGlobal
